// !$*UTF8*$!
{
	archiveVersion = 1;
	classes = {
	};
	objectVersion = 56;
	objects = {

/* Begin PBXBuildFile section */
		E171FF9D2B55638800A84A9E /* NyTimesApp.swift in Sources */ = {isa = PBXBuildFile; fileRef = E171FF9C2B55638800A84A9E /* NyTimesApp.swift */; };
		E171FFA12B55639000A84A9E /* Assets.xcassets in Resources */ = {isa = PBXBuildFile; fileRef = E171FFA02B55639000A84A9E /* Assets.xcassets */; };
		E171FFA42B55639000A84A9E /* Preview Assets.xcassets in Resources */ = {isa = PBXBuildFile; fileRef = E171FFA32B55639000A84A9E /* Preview Assets.xcassets */; };
		E171FFAE2B55639100A84A9E /* NyTimesTests.swift in Sources */ = {isa = PBXBuildFile; fileRef = E171FFAD2B55639100A84A9E /* NyTimesTests.swift */; };
		E171FFB82B55639100A84A9E /* NyTimesUITests.swift in Sources */ = {isa = PBXBuildFile; fileRef = E171FFB72B55639100A84A9E /* NyTimesUITests.swift */; };
		E171FFBA2B55639100A84A9E /* NyTimesUITestsLaunchTests.swift in Sources */ = {isa = PBXBuildFile; fileRef = E171FFB92B55639100A84A9E /* NyTimesUITestsLaunchTests.swift */; };
		E171FFD12B55647100A84A9E /* Dev.xcconfig in Resources */ = {isa = PBXBuildFile; fileRef = E171FFD02B55647100A84A9E /* Dev.xcconfig */; };
		E171FFD32B55648000A84A9E /* Staging.xcconfig in Resources */ = {isa = PBXBuildFile; fileRef = E171FFD22B55648000A84A9E /* Staging.xcconfig */; };
		E171FFD52B55648E00A84A9E /* Production.xcconfig in Resources */ = {isa = PBXBuildFile; fileRef = E171FFD42B55648E00A84A9E /* Production.xcconfig */; };
		E171FFD72B55652700A84A9E /* Utils.swift in Sources */ = {isa = PBXBuildFile; fileRef = E171FFD62B55652700A84A9E /* Utils.swift */; };
		E171FFD92B55655F00A84A9E /* ImageLoader.swift in Sources */ = {isa = PBXBuildFile; fileRef = E171FFD82B55655F00A84A9E /* ImageLoader.swift */; };
		E171FFDB2B55658C00A84A9E /* LoadingViews.swift in Sources */ = {isa = PBXBuildFile; fileRef = E171FFDA2B55658C00A84A9E /* LoadingViews.swift */; };
		E171FFDD2B5565A500A84A9E /* APIError.swift in Sources */ = {isa = PBXBuildFile; fileRef = E171FFDC2B5565A500A84A9E /* APIError.swift */; };
		E171FFDF2B5565B200A84A9E /* FetchState.swift in Sources */ = {isa = PBXBuildFile; fileRef = E171FFDE2B5565B200A84A9E /* FetchState.swift */; };
		E171FFE12B5565C000A84A9E /* APIConstants.swift in Sources */ = {isa = PBXBuildFile; fileRef = E171FFE02B5565C000A84A9E /* APIConstants.swift */; };
		E171FFE32B5565CA00A84A9E /* URLServices.swift in Sources */ = {isa = PBXBuildFile; fileRef = E171FFE22B5565CA00A84A9E /* URLServices.swift */; };
		E171FFE72B55848C00A84A9E /* MainScreen.swift in Sources */ = {isa = PBXBuildFile; fileRef = E171FFE62B55848C00A84A9E /* MainScreen.swift */; };
		E171FFEB2B5584CD00A84A9E /* NewsScreen.swift in Sources */ = {isa = PBXBuildFile; fileRef = E171FFEA2B5584CD00A84A9E /* NewsScreen.swift */; };
		E171FFED2B55851E00A84A9E /* NewsSearchScreen.swift in Sources */ = {isa = PBXBuildFile; fileRef = E171FFEC2B55851E00A84A9E /* NewsSearchScreen.swift */; };
		E171FFEF2B55861E00A84A9E /* NewsData.json in Resources */ = {isa = PBXBuildFile; fileRef = E171FFEE2B55861E00A84A9E /* NewsData.json */; };
		E171FFF12B55865300A84A9E /* News+Stub.swift in Sources */ = {isa = PBXBuildFile; fileRef = E171FFF02B55865300A84A9E /* News+Stub.swift */; };
		E171FFF32B55872600A84A9E /* NewsModel.swift in Sources */ = {isa = PBXBuildFile; fileRef = E171FFF22B55872600A84A9E /* NewsModel.swift */; };
		E171FFF52B558D6000A84A9E /* NewsData.swift in Sources */ = {isa = PBXBuildFile; fileRef = E171FFF42B558D6000A84A9E /* NewsData.swift */; };
		E171FFF72B558DB700A84A9E /* NewsDataProtocol.swift in Sources */ = {isa = PBXBuildFile; fileRef = E171FFF62B558DB700A84A9E /* NewsDataProtocol.swift */; };
		E1E20B9B2B57063F000CC4C0 /* NewsListViewModel.swift in Sources */ = {isa = PBXBuildFile; fileRef = E1E20B9A2B57063F000CC4C0 /* NewsListViewModel.swift */; };
/* End PBXBuildFile section */

/* Begin PBXContainerItemProxy section */
		E171FFAA2B55639100A84A9E /* PBXContainerItemProxy */ = {
			isa = PBXContainerItemProxy;
			containerPortal = E171FF912B55638800A84A9E /* Project object */;
			proxyType = 1;
			remoteGlobalIDString = E171FF982B55638800A84A9E;
			remoteInfo = NyTimes;
		};
		E171FFB42B55639100A84A9E /* PBXContainerItemProxy */ = {
			isa = PBXContainerItemProxy;
			containerPortal = E171FF912B55638800A84A9E /* Project object */;
			proxyType = 1;
			remoteGlobalIDString = E171FF982B55638800A84A9E;
			remoteInfo = NyTimes;
		};
/* End PBXContainerItemProxy section */

/* Begin PBXFileReference section */
		E171FF992B55638800A84A9E /* NyTimes.app */ = {isa = PBXFileReference; explicitFileType = wrapper.application; includeInIndex = 0; path = NyTimes.app; sourceTree = BUILT_PRODUCTS_DIR; };
		E171FF9C2B55638800A84A9E /* NyTimesApp.swift */ = {isa = PBXFileReference; lastKnownFileType = sourcecode.swift; path = NyTimesApp.swift; sourceTree = "<group>"; };
		E171FFA02B55639000A84A9E /* Assets.xcassets */ = {isa = PBXFileReference; lastKnownFileType = folder.assetcatalog; path = Assets.xcassets; sourceTree = "<group>"; };
		E171FFA32B55639000A84A9E /* Preview Assets.xcassets */ = {isa = PBXFileReference; lastKnownFileType = folder.assetcatalog; path = "Preview Assets.xcassets"; sourceTree = "<group>"; };
		E171FFA92B55639100A84A9E /* NyTimesTests.xctest */ = {isa = PBXFileReference; explicitFileType = wrapper.cfbundle; includeInIndex = 0; path = NyTimesTests.xctest; sourceTree = BUILT_PRODUCTS_DIR; };
		E171FFAD2B55639100A84A9E /* NyTimesTests.swift */ = {isa = PBXFileReference; lastKnownFileType = sourcecode.swift; path = NyTimesTests.swift; sourceTree = "<group>"; };
		E171FFB32B55639100A84A9E /* NyTimesUITests.xctest */ = {isa = PBXFileReference; explicitFileType = wrapper.cfbundle; includeInIndex = 0; path = NyTimesUITests.xctest; sourceTree = BUILT_PRODUCTS_DIR; };
		E171FFB72B55639100A84A9E /* NyTimesUITests.swift */ = {isa = PBXFileReference; lastKnownFileType = sourcecode.swift; path = NyTimesUITests.swift; sourceTree = "<group>"; };
		E171FFB92B55639100A84A9E /* NyTimesUITestsLaunchTests.swift */ = {isa = PBXFileReference; lastKnownFileType = sourcecode.swift; path = NyTimesUITestsLaunchTests.swift; sourceTree = "<group>"; };
		E171FFD02B55647100A84A9E /* Dev.xcconfig */ = {isa = PBXFileReference; lastKnownFileType = text.xcconfig; path = Dev.xcconfig; sourceTree = "<group>"; };
		E171FFD22B55648000A84A9E /* Staging.xcconfig */ = {isa = PBXFileReference; lastKnownFileType = text.xcconfig; path = Staging.xcconfig; sourceTree = "<group>"; };
		E171FFD42B55648E00A84A9E /* Production.xcconfig */ = {isa = PBXFileReference; lastKnownFileType = text.xcconfig; path = Production.xcconfig; sourceTree = "<group>"; };
		E171FFD62B55652700A84A9E /* Utils.swift */ = {isa = PBXFileReference; lastKnownFileType = sourcecode.swift; path = Utils.swift; sourceTree = "<group>"; };
		E171FFD82B55655F00A84A9E /* ImageLoader.swift */ = {isa = PBXFileReference; lastKnownFileType = sourcecode.swift; path = ImageLoader.swift; sourceTree = "<group>"; };
		E171FFDA2B55658C00A84A9E /* LoadingViews.swift */ = {isa = PBXFileReference; lastKnownFileType = sourcecode.swift; path = LoadingViews.swift; sourceTree = "<group>"; };
		E171FFDC2B5565A500A84A9E /* APIError.swift */ = {isa = PBXFileReference; lastKnownFileType = sourcecode.swift; path = APIError.swift; sourceTree = "<group>"; };
		E171FFDE2B5565B200A84A9E /* FetchState.swift */ = {isa = PBXFileReference; lastKnownFileType = sourcecode.swift; path = FetchState.swift; sourceTree = "<group>"; };
		E171FFE02B5565C000A84A9E /* APIConstants.swift */ = {isa = PBXFileReference; lastKnownFileType = sourcecode.swift; path = APIConstants.swift; sourceTree = "<group>"; };
		E171FFE22B5565CA00A84A9E /* URLServices.swift */ = {isa = PBXFileReference; lastKnownFileType = sourcecode.swift; path = URLServices.swift; sourceTree = "<group>"; };
		E171FFE62B55848C00A84A9E /* MainScreen.swift */ = {isa = PBXFileReference; lastKnownFileType = sourcecode.swift; path = MainScreen.swift; sourceTree = "<group>"; };
		E171FFEA2B5584CD00A84A9E /* NewsScreen.swift */ = {isa = PBXFileReference; lastKnownFileType = sourcecode.swift; path = NewsScreen.swift; sourceTree = "<group>"; };
		E171FFEC2B55851E00A84A9E /* NewsSearchScreen.swift */ = {isa = PBXFileReference; lastKnownFileType = sourcecode.swift; path = NewsSearchScreen.swift; sourceTree = "<group>"; };
		E171FFEE2B55861E00A84A9E /* NewsData.json */ = {isa = PBXFileReference; lastKnownFileType = text.json; path = NewsData.json; sourceTree = "<group>"; };
		E171FFF02B55865300A84A9E /* News+Stub.swift */ = {isa = PBXFileReference; lastKnownFileType = sourcecode.swift; path = "News+Stub.swift"; sourceTree = "<group>"; };
		E171FFF22B55872600A84A9E /* NewsModel.swift */ = {isa = PBXFileReference; lastKnownFileType = sourcecode.swift; path = NewsModel.swift; sourceTree = "<group>"; };
		E171FFF42B558D6000A84A9E /* NewsData.swift */ = {isa = PBXFileReference; lastKnownFileType = sourcecode.swift; path = NewsData.swift; sourceTree = "<group>"; };
		E171FFF62B558DB700A84A9E /* NewsDataProtocol.swift */ = {isa = PBXFileReference; lastKnownFileType = sourcecode.swift; path = NewsDataProtocol.swift; sourceTree = "<group>"; };
		E1E20B9A2B57063F000CC4C0 /* NewsListViewModel.swift */ = {isa = PBXFileReference; lastKnownFileType = sourcecode.swift; path = NewsListViewModel.swift; sourceTree = "<group>"; };
/* End PBXFileReference section */

/* Begin PBXFrameworksBuildPhase section */
		E171FF962B55638800A84A9E /* Frameworks */ = {
			isa = PBXFrameworksBuildPhase;
			buildActionMask = 2147483647;
			files = (
			);
			runOnlyForDeploymentPostprocessing = 0;
		};
		E171FFA62B55639100A84A9E /* Frameworks */ = {
			isa = PBXFrameworksBuildPhase;
			buildActionMask = 2147483647;
			files = (
			);
			runOnlyForDeploymentPostprocessing = 0;
		};
		E171FFB02B55639100A84A9E /* Frameworks */ = {
			isa = PBXFrameworksBuildPhase;
			buildActionMask = 2147483647;
			files = (
			);
			runOnlyForDeploymentPostprocessing = 0;
		};
/* End PBXFrameworksBuildPhase section */

/* Begin PBXGroup section */
		E171FF902B55638800A84A9E = {
			isa = PBXGroup;
			children = (
				E171FF9B2B55638800A84A9E /* NyTimes */,
				E171FFAC2B55639100A84A9E /* NyTimesTests */,
				E171FFB62B55639100A84A9E /* NyTimesUITests */,
				E171FF9A2B55638800A84A9E /* Products */,
			);
			sourceTree = "<group>";
		};
		E171FF9A2B55638800A84A9E /* Products */ = {
			isa = PBXGroup;
			children = (
				E171FF992B55638800A84A9E /* NyTimes.app */,
				E171FFA92B55639100A84A9E /* NyTimesTests.xctest */,
				E171FFB32B55639100A84A9E /* NyTimesUITests.xctest */,
			);
			name = Products;
			sourceTree = "<group>";
		};
		E171FF9B2B55638800A84A9E /* NyTimes */ = {
			isa = PBXGroup;
			children = (
				E171FF9C2B55638800A84A9E /* NyTimesApp.swift */,
				E171FFCF2B55643F00A84A9E /* Envoirement */,
				E171FFC62B5563B200A84A9E /* Protocols */,
				E171FFC72B5563CA00A84A9E /* Networking */,
				E171FFC82B5563E100A84A9E /* Model */,
				E171FFC92B5563E800A84A9E /* ViewModel */,
				E171FFCA2B5563F000A84A9E /* Presentation */,
				E171FFCE2B55642F00A84A9E /* BundleData */,
				E171FFCD2B55640F00A84A9E /* UIKitView */,
				E171FFCC2B55640400A84A9E /* Resources */,
				E171FFCB2B5563FF00A84A9E /* Utils */,
				E171FFA02B55639000A84A9E /* Assets.xcassets */,
				E171FFA22B55639000A84A9E /* Preview Content */,
			);
			path = NyTimes;
			sourceTree = "<group>";
		};
		E171FFA22B55639000A84A9E /* Preview Content */ = {
			isa = PBXGroup;
			children = (
				E171FFA32B55639000A84A9E /* Preview Assets.xcassets */,
			);
			path = "Preview Content";
			sourceTree = "<group>";
		};
		E171FFAC2B55639100A84A9E /* NyTimesTests */ = {
			isa = PBXGroup;
			children = (
				E171FFAD2B55639100A84A9E /* NyTimesTests.swift */,
			);
			path = NyTimesTests;
			sourceTree = "<group>";
		};
		E171FFB62B55639100A84A9E /* NyTimesUITests */ = {
			isa = PBXGroup;
			children = (
				E171FFB72B55639100A84A9E /* NyTimesUITests.swift */,
				E171FFB92B55639100A84A9E /* NyTimesUITestsLaunchTests.swift */,
			);
			path = NyTimesUITests;
			sourceTree = "<group>";
		};
		E171FFC62B5563B200A84A9E /* Protocols */ = {
			isa = PBXGroup;
			children = (
				E171FFF62B558DB700A84A9E /* NewsDataProtocol.swift */,
			);
			path = Protocols;
			sourceTree = "<group>";
		};
		E171FFC72B5563CA00A84A9E /* Networking */ = {
			isa = PBXGroup;
			children = (
				E171FFDC2B5565A500A84A9E /* APIError.swift */,
				E171FFDE2B5565B200A84A9E /* FetchState.swift */,
				E171FFE02B5565C000A84A9E /* APIConstants.swift */,
				E171FFE22B5565CA00A84A9E /* URLServices.swift */,
				E171FFF42B558D6000A84A9E /* NewsData.swift */,
			);
			path = Networking;
			sourceTree = "<group>";
		};
		E171FFC82B5563E100A84A9E /* Model */ = {
			isa = PBXGroup;
			children = (
				E171FFF22B55872600A84A9E /* NewsModel.swift */,
			);
			path = Model;
			sourceTree = "<group>";
		};
		E171FFC92B5563E800A84A9E /* ViewModel */ = {
			isa = PBXGroup;
			children = (
				E1E20B9A2B57063F000CC4C0 /* NewsListViewModel.swift */,
			);
			path = ViewModel;
			sourceTree = "<group>";
		};
		E171FFCA2B5563F000A84A9E /* Presentation */ = {
			isa = PBXGroup;
			children = (
				E171FFE92B5584A900A84A9E /* NewsScreen */,
				E171FFE82B55849900A84A9E /* NewsSearchScreen */,
				E171FFE62B55848C00A84A9E /* MainScreen.swift */,
			);
			path = Presentation;
			sourceTree = "<group>";
		};
		E171FFCB2B5563FF00A84A9E /* Utils */ = {
			isa = PBXGroup;
			children = (
				E171FFD62B55652700A84A9E /* Utils.swift */,
				E171FFD82B55655F00A84A9E /* ImageLoader.swift */,
				E171FFDA2B55658C00A84A9E /* LoadingViews.swift */,
			);
			path = Utils;
			sourceTree = "<group>";
		};
		E171FFCC2B55640400A84A9E /* Resources */ = {
			isa = PBXGroup;
			children = (
				E171FFEE2B55861E00A84A9E /* NewsData.json */,
			);
			path = Resources;
			sourceTree = "<group>";
		};
		E171FFCD2B55640F00A84A9E /* UIKitView */ = {
			isa = PBXGroup;
			children = (
			);
			path = UIKitView;
			sourceTree = "<group>";
		};
		E171FFCE2B55642F00A84A9E /* BundleData */ = {
			isa = PBXGroup;
			children = (
				E171FFF02B55865300A84A9E /* News+Stub.swift */,
			);
			path = BundleData;
			sourceTree = "<group>";
		};
		E171FFCF2B55643F00A84A9E /* Envoirement */ = {
			isa = PBXGroup;
			children = (
				E171FFD02B55647100A84A9E /* Dev.xcconfig */,
				E171FFD22B55648000A84A9E /* Staging.xcconfig */,
				E171FFD42B55648E00A84A9E /* Production.xcconfig */,
			);
			path = Envoirement;
			sourceTree = "<group>";
		};
		E171FFE82B55849900A84A9E /* NewsSearchScreen */ = {
			isa = PBXGroup;
			children = (
				E171FFEC2B55851E00A84A9E /* NewsSearchScreen.swift */,
			);
			path = NewsSearchScreen;
			sourceTree = "<group>";
		};
		E171FFE92B5584A900A84A9E /* NewsScreen */ = {
			isa = PBXGroup;
			children = (
				E171FFEA2B5584CD00A84A9E /* NewsScreen.swift */,
			);
			path = NewsScreen;
			sourceTree = "<group>";
		};
/* End PBXGroup section */

/* Begin PBXNativeTarget section */
		E171FF982B55638800A84A9E /* NyTimes */ = {
			isa = PBXNativeTarget;
			buildConfigurationList = E171FFBD2B55639100A84A9E /* Build configuration list for PBXNativeTarget "NyTimes" */;
			buildPhases = (
				E171FF952B55638800A84A9E /* Sources */,
				E171FF962B55638800A84A9E /* Frameworks */,
				E171FF972B55638800A84A9E /* Resources */,
			);
			buildRules = (
			);
			dependencies = (
			);
			name = NyTimes;
			productName = NyTimes;
			productReference = E171FF992B55638800A84A9E /* NyTimes.app */;
			productType = "com.apple.product-type.application";
		};
		E171FFA82B55639100A84A9E /* NyTimesTests */ = {
			isa = PBXNativeTarget;
			buildConfigurationList = E171FFC02B55639100A84A9E /* Build configuration list for PBXNativeTarget "NyTimesTests" */;
			buildPhases = (
				E171FFA52B55639100A84A9E /* Sources */,
				E171FFA62B55639100A84A9E /* Frameworks */,
				E171FFA72B55639100A84A9E /* Resources */,
			);
			buildRules = (
			);
			dependencies = (
				E171FFAB2B55639100A84A9E /* PBXTargetDependency */,
			);
			name = NyTimesTests;
			productName = NyTimesTests;
			productReference = E171FFA92B55639100A84A9E /* NyTimesTests.xctest */;
			productType = "com.apple.product-type.bundle.unit-test";
		};
		E171FFB22B55639100A84A9E /* NyTimesUITests */ = {
			isa = PBXNativeTarget;
			buildConfigurationList = E171FFC32B55639100A84A9E /* Build configuration list for PBXNativeTarget "NyTimesUITests" */;
			buildPhases = (
				E171FFAF2B55639100A84A9E /* Sources */,
				E171FFB02B55639100A84A9E /* Frameworks */,
				E171FFB12B55639100A84A9E /* Resources */,
			);
			buildRules = (
			);
			dependencies = (
				E171FFB52B55639100A84A9E /* PBXTargetDependency */,
			);
			name = NyTimesUITests;
			productName = NyTimesUITests;
			productReference = E171FFB32B55639100A84A9E /* NyTimesUITests.xctest */;
			productType = "com.apple.product-type.bundle.ui-testing";
		};
/* End PBXNativeTarget section */

/* Begin PBXProject section */
		E171FF912B55638800A84A9E /* Project object */ = {
			isa = PBXProject;
			attributes = {
				BuildIndependentTargetsInParallel = 1;
				LastSwiftUpdateCheck = 1500;
				LastUpgradeCheck = 1500;
				TargetAttributes = {
					E171FF982B55638800A84A9E = {
						CreatedOnToolsVersion = 15.0;
					};
					E171FFA82B55639100A84A9E = {
						CreatedOnToolsVersion = 15.0;
						TestTargetID = E171FF982B55638800A84A9E;
					};
					E171FFB22B55639100A84A9E = {
						CreatedOnToolsVersion = 15.0;
						TestTargetID = E171FF982B55638800A84A9E;
					};
				};
			};
			buildConfigurationList = E171FF942B55638800A84A9E /* Build configuration list for PBXProject "NyTimes" */;
			compatibilityVersion = "Xcode 14.0";
			developmentRegion = en;
			hasScannedForEncodings = 0;
			knownRegions = (
				en,
				Base,
			);
			mainGroup = E171FF902B55638800A84A9E;
			productRefGroup = E171FF9A2B55638800A84A9E /* Products */;
			projectDirPath = "";
			projectRoot = "";
			targets = (
				E171FF982B55638800A84A9E /* NyTimes */,
				E171FFA82B55639100A84A9E /* NyTimesTests */,
				E171FFB22B55639100A84A9E /* NyTimesUITests */,
			);
		};
/* End PBXProject section */

/* Begin PBXResourcesBuildPhase section */
		E171FF972B55638800A84A9E /* Resources */ = {
			isa = PBXResourcesBuildPhase;
			buildActionMask = 2147483647;
			files = (
				E171FFD32B55648000A84A9E /* Staging.xcconfig in Resources */,
				E171FFD52B55648E00A84A9E /* Production.xcconfig in Resources */,
				E171FFA42B55639000A84A9E /* Preview Assets.xcassets in Resources */,
				E171FFEF2B55861E00A84A9E /* NewsData.json in Resources */,
				E171FFA12B55639000A84A9E /* Assets.xcassets in Resources */,
				E171FFD12B55647100A84A9E /* Dev.xcconfig in Resources */,
			);
			runOnlyForDeploymentPostprocessing = 0;
		};
		E171FFA72B55639100A84A9E /* Resources */ = {
			isa = PBXResourcesBuildPhase;
			buildActionMask = 2147483647;
			files = (
			);
			runOnlyForDeploymentPostprocessing = 0;
		};
		E171FFB12B55639100A84A9E /* Resources */ = {
			isa = PBXResourcesBuildPhase;
			buildActionMask = 2147483647;
			files = (
			);
			runOnlyForDeploymentPostprocessing = 0;
		};
/* End PBXResourcesBuildPhase section */

/* Begin PBXSourcesBuildPhase section */
		E171FF952B55638800A84A9E /* Sources */ = {
			isa = PBXSourcesBuildPhase;
			buildActionMask = 2147483647;
			files = (
				E171FFED2B55851E00A84A9E /* NewsSearchScreen.swift in Sources */,
				E171FF9D2B55638800A84A9E /* NyTimesApp.swift in Sources */,
				E171FFE72B55848C00A84A9E /* MainScreen.swift in Sources */,
				E171FFDF2B5565B200A84A9E /* FetchState.swift in Sources */,
				E171FFF12B55865300A84A9E /* News+Stub.swift in Sources */,
				E171FFD92B55655F00A84A9E /* ImageLoader.swift in Sources */,
				E171FFF52B558D6000A84A9E /* NewsData.swift in Sources */,
				E1E20B9B2B57063F000CC4C0 /* NewsListViewModel.swift in Sources */,
				E171FFEB2B5584CD00A84A9E /* NewsScreen.swift in Sources */,
				E171FFF72B558DB700A84A9E /* NewsDataProtocol.swift in Sources */,
				E171FFE12B5565C000A84A9E /* APIConstants.swift in Sources */,
				E171FFDB2B55658C00A84A9E /* LoadingViews.swift in Sources */,
				E171FFF32B55872600A84A9E /* NewsModel.swift in Sources */,
				E171FFD72B55652700A84A9E /* Utils.swift in Sources */,
				E171FFDD2B5565A500A84A9E /* APIError.swift in Sources */,
				E171FFE32B5565CA00A84A9E /* URLServices.swift in Sources */,
			);
			runOnlyForDeploymentPostprocessing = 0;
		};
		E171FFA52B55639100A84A9E /* Sources */ = {
			isa = PBXSourcesBuildPhase;
			buildActionMask = 2147483647;
			files = (
				E171FFAE2B55639100A84A9E /* NyTimesTests.swift in Sources */,
			);
			runOnlyForDeploymentPostprocessing = 0;
		};
		E171FFAF2B55639100A84A9E /* Sources */ = {
			isa = PBXSourcesBuildPhase;
			buildActionMask = 2147483647;
			files = (
				E171FFBA2B55639100A84A9E /* NyTimesUITestsLaunchTests.swift in Sources */,
				E171FFB82B55639100A84A9E /* NyTimesUITests.swift in Sources */,
			);
			runOnlyForDeploymentPostprocessing = 0;
		};
/* End PBXSourcesBuildPhase section */

/* Begin PBXTargetDependency section */
		E171FFAB2B55639100A84A9E /* PBXTargetDependency */ = {
			isa = PBXTargetDependency;
			target = E171FF982B55638800A84A9E /* NyTimes */;
			targetProxy = E171FFAA2B55639100A84A9E /* PBXContainerItemProxy */;
		};
		E171FFB52B55639100A84A9E /* PBXTargetDependency */ = {
			isa = PBXTargetDependency;
			target = E171FF982B55638800A84A9E /* NyTimes */;
			targetProxy = E171FFB42B55639100A84A9E /* PBXContainerItemProxy */;
		};
/* End PBXTargetDependency section */

/* Begin XCBuildConfiguration section */
		E171FFBB2B55639100A84A9E /* Debug */ = {
			isa = XCBuildConfiguration;
			buildSettings = {
				ALWAYS_SEARCH_USER_PATHS = NO;
				ASSETCATALOG_COMPILER_GENERATE_SWIFT_ASSET_SYMBOL_EXTENSIONS = YES;
				CLANG_ANALYZER_NONNULL = YES;
				CLANG_ANALYZER_NUMBER_OBJECT_CONVERSION = YES_AGGRESSIVE;
				CLANG_CXX_LANGUAGE_STANDARD = "gnu++20";
				CLANG_ENABLE_MODULES = YES;
				CLANG_ENABLE_OBJC_ARC = YES;
				CLANG_ENABLE_OBJC_WEAK = YES;
				CLANG_WARN_BLOCK_CAPTURE_AUTORELEASING = YES;
				CLANG_WARN_BOOL_CONVERSION = YES;
				CLANG_WARN_COMMA = YES;
				CLANG_WARN_CONSTANT_CONVERSION = YES;
				CLANG_WARN_DEPRECATED_OBJC_IMPLEMENTATIONS = YES;
				CLANG_WARN_DIRECT_OBJC_ISA_USAGE = YES_ERROR;
				CLANG_WARN_DOCUMENTATION_COMMENTS = YES;
				CLANG_WARN_EMPTY_BODY = YES;
				CLANG_WARN_ENUM_CONVERSION = YES;
				CLANG_WARN_INFINITE_RECURSION = YES;
				CLANG_WARN_INT_CONVERSION = YES;
				CLANG_WARN_NON_LITERAL_NULL_CONVERSION = YES;
				CLANG_WARN_OBJC_IMPLICIT_RETAIN_SELF = YES;
				CLANG_WARN_OBJC_LITERAL_CONVERSION = YES;
				CLANG_WARN_OBJC_ROOT_CLASS = YES_ERROR;
				CLANG_WARN_QUOTED_INCLUDE_IN_FRAMEWORK_HEADER = YES;
				CLANG_WARN_RANGE_LOOP_ANALYSIS = YES;
				CLANG_WARN_STRICT_PROTOTYPES = YES;
				CLANG_WARN_SUSPICIOUS_MOVE = YES;
				CLANG_WARN_UNGUARDED_AVAILABILITY = YES_AGGRESSIVE;
				CLANG_WARN_UNREACHABLE_CODE = YES;
				CLANG_WARN__DUPLICATE_METHOD_MATCH = YES;
				COPY_PHASE_STRIP = NO;
				DEBUG_INFORMATION_FORMAT = dwarf;
				ENABLE_STRICT_OBJC_MSGSEND = YES;
				ENABLE_TESTABILITY = YES;
				ENABLE_USER_SCRIPT_SANDBOXING = YES;
				GCC_C_LANGUAGE_STANDARD = gnu17;
				GCC_DYNAMIC_NO_PIC = NO;
				GCC_NO_COMMON_BLOCKS = YES;
				GCC_OPTIMIZATION_LEVEL = 0;
				GCC_PREPROCESSOR_DEFINITIONS = (
					"DEBUG=1",
					"$(inherited)",
				);
				GCC_WARN_64_TO_32_BIT_CONVERSION = YES;
				GCC_WARN_ABOUT_RETURN_TYPE = YES_ERROR;
				GCC_WARN_UNDECLARED_SELECTOR = YES;
				GCC_WARN_UNINITIALIZED_AUTOS = YES_AGGRESSIVE;
				GCC_WARN_UNUSED_FUNCTION = YES;
				GCC_WARN_UNUSED_VARIABLE = YES;
				IPHONEOS_DEPLOYMENT_TARGET = 17.0;
				LOCALIZATION_PREFERS_STRING_CATALOGS = YES;
				MTL_ENABLE_DEBUG_INFO = INCLUDE_SOURCE;
				MTL_FAST_MATH = YES;
				ONLY_ACTIVE_ARCH = YES;
				SDKROOT = iphoneos;
				SWIFT_ACTIVE_COMPILATION_CONDITIONS = "DEBUG $(inherited)";
				SWIFT_OPTIMIZATION_LEVEL = "-Onone";
			};
			name = Debug;
		};
		E171FFBC2B55639100A84A9E /* Release */ = {
			isa = XCBuildConfiguration;
			buildSettings = {
				ALWAYS_SEARCH_USER_PATHS = NO;
				ASSETCATALOG_COMPILER_GENERATE_SWIFT_ASSET_SYMBOL_EXTENSIONS = YES;
				CLANG_ANALYZER_NONNULL = YES;
				CLANG_ANALYZER_NUMBER_OBJECT_CONVERSION = YES_AGGRESSIVE;
				CLANG_CXX_LANGUAGE_STANDARD = "gnu++20";
				CLANG_ENABLE_MODULES = YES;
				CLANG_ENABLE_OBJC_ARC = YES;
				CLANG_ENABLE_OBJC_WEAK = YES;
				CLANG_WARN_BLOCK_CAPTURE_AUTORELEASING = YES;
				CLANG_WARN_BOOL_CONVERSION = YES;
				CLANG_WARN_COMMA = YES;
				CLANG_WARN_CONSTANT_CONVERSION = YES;
				CLANG_WARN_DEPRECATED_OBJC_IMPLEMENTATIONS = YES;
				CLANG_WARN_DIRECT_OBJC_ISA_USAGE = YES_ERROR;
				CLANG_WARN_DOCUMENTATION_COMMENTS = YES;
				CLANG_WARN_EMPTY_BODY = YES;
				CLANG_WARN_ENUM_CONVERSION = YES;
				CLANG_WARN_INFINITE_RECURSION = YES;
				CLANG_WARN_INT_CONVERSION = YES;
				CLANG_WARN_NON_LITERAL_NULL_CONVERSION = YES;
				CLANG_WARN_OBJC_IMPLICIT_RETAIN_SELF = YES;
				CLANG_WARN_OBJC_LITERAL_CONVERSION = YES;
				CLANG_WARN_OBJC_ROOT_CLASS = YES_ERROR;
				CLANG_WARN_QUOTED_INCLUDE_IN_FRAMEWORK_HEADER = YES;
				CLANG_WARN_RANGE_LOOP_ANALYSIS = YES;
				CLANG_WARN_STRICT_PROTOTYPES = YES;
				CLANG_WARN_SUSPICIOUS_MOVE = YES;
				CLANG_WARN_UNGUARDED_AVAILABILITY = YES_AGGRESSIVE;
				CLANG_WARN_UNREACHABLE_CODE = YES;
				CLANG_WARN__DUPLICATE_METHOD_MATCH = YES;
				COPY_PHASE_STRIP = NO;
				DEBUG_INFORMATION_FORMAT = "dwarf-with-dsym";
				ENABLE_NS_ASSERTIONS = NO;
				ENABLE_STRICT_OBJC_MSGSEND = YES;
				ENABLE_USER_SCRIPT_SANDBOXING = YES;
				GCC_C_LANGUAGE_STANDARD = gnu17;
				GCC_NO_COMMON_BLOCKS = YES;
				GCC_WARN_64_TO_32_BIT_CONVERSION = YES;
				GCC_WARN_ABOUT_RETURN_TYPE = YES_ERROR;
				GCC_WARN_UNDECLARED_SELECTOR = YES;
				GCC_WARN_UNINITIALIZED_AUTOS = YES_AGGRESSIVE;
				GCC_WARN_UNUSED_FUNCTION = YES;
				GCC_WARN_UNUSED_VARIABLE = YES;
				IPHONEOS_DEPLOYMENT_TARGET = 17.0;
				LOCALIZATION_PREFERS_STRING_CATALOGS = YES;
				MTL_ENABLE_DEBUG_INFO = NO;
				MTL_FAST_MATH = YES;
				SDKROOT = iphoneos;
				SWIFT_COMPILATION_MODE = wholemodule;
				VALIDATE_PRODUCT = YES;
			};
			name = Release;
		};
		E171FFBE2B55639100A84A9E /* Debug */ = {
			isa = XCBuildConfiguration;
			buildSettings = {
				ASSETCATALOG_COMPILER_APPICON_NAME = AppIcon;
				ASSETCATALOG_COMPILER_GLOBAL_ACCENT_COLOR_NAME = AccentColor;
				CODE_SIGN_STYLE = Automatic;
				CURRENT_PROJECT_VERSION = 1;
				DEVELOPMENT_ASSET_PATHS = "\"NyTimes/Preview Content\"";
				ENABLE_PREVIEWS = YES;
				GENERATE_INFOPLIST_FILE = YES;
				INFOPLIST_KEY_UIApplicationSceneManifest_Generation = YES;
				INFOPLIST_KEY_UIApplicationSupportsIndirectInputEvents = YES;
				INFOPLIST_KEY_UILaunchScreen_Generation = YES;
				INFOPLIST_KEY_UISupportedInterfaceOrientations_iPad = "UIInterfaceOrientationPortrait UIInterfaceOrientationPortraitUpsideDown UIInterfaceOrientationLandscapeLeft UIInterfaceOrientationLandscapeRight";
				INFOPLIST_KEY_UISupportedInterfaceOrientations_iPhone = "UIInterfaceOrientationPortrait UIInterfaceOrientationLandscapeLeft UIInterfaceOrientationLandscapeRight";
				LD_RUNPATH_SEARCH_PATHS = (
					"$(inherited)",
					"@executable_path/Frameworks",
				);
				MARKETING_VERSION = 1.0;
				PRODUCT_BUNDLE_IDENTIFIER = info.abc.com.NyTimes;
				PRODUCT_NAME = "$(TARGET_NAME)";
				SWIFT_EMIT_LOC_STRINGS = YES;
				SWIFT_VERSION = 5.0;
				TARGETED_DEVICE_FAMILY = "1,2";
			};
			name = Debug;
		};
		E171FFBF2B55639100A84A9E /* Release */ = {
			isa = XCBuildConfiguration;
			buildSettings = {
				ASSETCATALOG_COMPILER_APPICON_NAME = AppIcon;
				ASSETCATALOG_COMPILER_GLOBAL_ACCENT_COLOR_NAME = AccentColor;
				CODE_SIGN_STYLE = Automatic;
				CURRENT_PROJECT_VERSION = 1;
				DEVELOPMENT_ASSET_PATHS = "\"NyTimes/Preview Content\"";
				ENABLE_PREVIEWS = YES;
				GENERATE_INFOPLIST_FILE = YES;
				INFOPLIST_KEY_UIApplicationSceneManifest_Generation = YES;
				INFOPLIST_KEY_UIApplicationSupportsIndirectInputEvents = YES;
				INFOPLIST_KEY_UILaunchScreen_Generation = YES;
				INFOPLIST_KEY_UISupportedInterfaceOrientations_iPad = "UIInterfaceOrientationPortrait UIInterfaceOrientationPortraitUpsideDown UIInterfaceOrientationLandscapeLeft UIInterfaceOrientationLandscapeRight";
				INFOPLIST_KEY_UISupportedInterfaceOrientations_iPhone = "UIInterfaceOrientationPortrait UIInterfaceOrientationLandscapeLeft UIInterfaceOrientationLandscapeRight";
				LD_RUNPATH_SEARCH_PATHS = (
					"$(inherited)",
					"@executable_path/Frameworks",
				);
				MARKETING_VERSION = 1.0;
				PRODUCT_BUNDLE_IDENTIFIER = info.abc.com.NyTimes;
				PRODUCT_NAME = "$(TARGET_NAME)";
				SWIFT_EMIT_LOC_STRINGS = YES;
				SWIFT_VERSION = 5.0;
				TARGETED_DEVICE_FAMILY = "1,2";
			};
			name = Release;
		};
		E171FFC12B55639100A84A9E /* Debug */ = {
			isa = XCBuildConfiguration;
			buildSettings = {
				ALWAYS_EMBED_SWIFT_STANDARD_LIBRARIES = YES;
				BUNDLE_LOADER = "$(TEST_HOST)";
				CODE_SIGN_STYLE = Automatic;
				CURRENT_PROJECT_VERSION = 1;
				GENERATE_INFOPLIST_FILE = YES;
				IPHONEOS_DEPLOYMENT_TARGET = 17.0;
				MARKETING_VERSION = 1.0;
				PRODUCT_BUNDLE_IDENTIFIER = info.abc.com.NyTimesTests;
				PRODUCT_NAME = "$(TARGET_NAME)";
				SWIFT_EMIT_LOC_STRINGS = NO;
				SWIFT_VERSION = 5.0;
				TARGETED_DEVICE_FAMILY = "1,2";
				TEST_HOST = "$(BUILT_PRODUCTS_DIR)/NyTimes.app/$(BUNDLE_EXECUTABLE_FOLDER_PATH)/NyTimes";
			};
			name = Debug;
		};
		E171FFC22B55639100A84A9E /* Release */ = {
			isa = XCBuildConfiguration;
			buildSettings = {
				ALWAYS_EMBED_SWIFT_STANDARD_LIBRARIES = YES;
				BUNDLE_LOADER = "$(TEST_HOST)";
				CODE_SIGN_STYLE = Automatic;
				CURRENT_PROJECT_VERSION = 1;
				GENERATE_INFOPLIST_FILE = YES;
				IPHONEOS_DEPLOYMENT_TARGET = 17.0;
				MARKETING_VERSION = 1.0;
				PRODUCT_BUNDLE_IDENTIFIER = info.abc.com.NyTimesTests;
				PRODUCT_NAME = "$(TARGET_NAME)";
				SWIFT_EMIT_LOC_STRINGS = NO;
				SWIFT_VERSION = 5.0;
				TARGETED_DEVICE_FAMILY = "1,2";
				TEST_HOST = "$(BUILT_PRODUCTS_DIR)/NyTimes.app/$(BUNDLE_EXECUTABLE_FOLDER_PATH)/NyTimes";
			};
			name = Release;
		};
		E171FFC42B55639100A84A9E /* Debug */ = {
			isa = XCBuildConfiguration;
			buildSettings = {
				ALWAYS_EMBED_SWIFT_STANDARD_LIBRARIES = YES;
				CODE_SIGN_STYLE = Automatic;
				CURRENT_PROJECT_VERSION = 1;
				GENERATE_INFOPLIST_FILE = YES;
				MARKETING_VERSION = 1.0;
				PRODUCT_BUNDLE_IDENTIFIER = info.abc.com.NyTimesUITests;
				PRODUCT_NAME = "$(TARGET_NAME)";
				SWIFT_EMIT_LOC_STRINGS = NO;
				SWIFT_VERSION = 5.0;
				TARGETED_DEVICE_FAMILY = "1,2";
				TEST_TARGET_NAME = NyTimes;
			};
			name = Debug;
		};
		E171FFC52B55639100A84A9E /* Release */ = {
			isa = XCBuildConfiguration;
			buildSettings = {
				ALWAYS_EMBED_SWIFT_STANDARD_LIBRARIES = YES;
				CODE_SIGN_STYLE = Automatic;
				CURRENT_PROJECT_VERSION = 1;
				GENERATE_INFOPLIST_FILE = YES;
				MARKETING_VERSION = 1.0;
				PRODUCT_BUNDLE_IDENTIFIER = info.abc.com.NyTimesUITests;
				PRODUCT_NAME = "$(TARGET_NAME)";
				SWIFT_EMIT_LOC_STRINGS = NO;
				SWIFT_VERSION = 5.0;
				TARGETED_DEVICE_FAMILY = "1,2";
				TEST_TARGET_NAME = NyTimes;
			};
			name = Release;
		};
/* End XCBuildConfiguration section */

/* Begin XCConfigurationList section */
		E171FF942B55638800A84A9E /* Build configuration list for PBXProject "NyTimes" */ = {
			isa = XCConfigurationList;
			buildConfigurations = (
				E171FFBB2B55639100A84A9E /* Debug */,
				E171FFBC2B55639100A84A9E /* Release */,
			);
			defaultConfigurationIsVisible = 0;
			defaultConfigurationName = Release;
		};
		E171FFBD2B55639100A84A9E /* Build configuration list for PBXNativeTarget "NyTimes" */ = {
			isa = XCConfigurationList;
			buildConfigurations = (
				E171FFBE2B55639100A84A9E /* Debug */,
				E171FFBF2B55639100A84A9E /* Release */,
			);
			defaultConfigurationIsVisible = 0;
			defaultConfigurationName = Release;
		};
		E171FFC02B55639100A84A9E /* Build configuration list for PBXNativeTarget "NyTimesTests" */ = {
			isa = XCConfigurationList;
			buildConfigurations = (
				E171FFC12B55639100A84A9E /* Debug */,
				E171FFC22B55639100A84A9E /* Release */,
			);
			defaultConfigurationIsVisible = 0;
			defaultConfigurationName = Release;
		};
		E171FFC32B55639100A84A9E /* Build configuration list for PBXNativeTarget "NyTimesUITests" */ = {
			isa = XCConfigurationList;
			buildConfigurations = (
				E171FFC42B55639100A84A9E /* Debug */,
				E171FFC52B55639100A84A9E /* Release */,
			);
			defaultConfigurationIsVisible = 0;
			defaultConfigurationName = Release;
		};
/* End XCConfigurationList section */
	};
	rootObject = E171FF912B55638800A84A9E /* Project object */;
}
